
Microsoft Visual Studio Solution File, Format Version 12.00
# Visual Studio Version 17
VisualStudioVersion = 17.14.36915.13 d17.14
MinimumVisualStudioVersion = 10.0.40219.1
Project("{8BC9CEB8-8B4A-11D0-8D11-00A0C91BC942}") = "Lagrange", "Lagrange.vcxproj", "{B33796A4-6892-46BE-A14C-44AF8DF39B7F}"
EndProject
Global
	GlobalSection(SolutionConfigurationPlatforms) = preSolution
		Debug|x64 = Debug|x64
		Debug|x86 = Debug|x86
		Release|x64 = Release|x64
		Release|x86 = Release|x86
	EndGlobalSection
	GlobalSection(ProjectConfigurationPlatforms) = postSolution
		{B33796A4-6892-46BE-A14C-44AF8DF39B7F}.Debug|x64.ActiveCfg = Debug|x64
		{B33796A4-6892-46BE-A14C-44AF8DF39B7F}.Debug|x64.Build.0 = Debug|x64
		{B33796A4-6892-46BE-A14C-44AF8DF39B7F}.Debug|x86.ActiveCfg = Debug|Win32
		{B33796A4-6892-46BE-A14C-44AF8DF39B7F}.Debug|x86.Build.0 = Debug|Win32
		{B33796A4-6892-46BE-A14C-44AF8DF39B7F}.Release|x64.ActiveCfg = Release|x64
		{B33796A4-6892-46BE-A14C-44AF8DF39B7F}.Release|x64.Build.0 = Release|x64
		{B33796A4-6892-46BE-A14C-44AF8DF39B7F}.Release|x86.ActiveCfg = Release|Win32
		{B33796A4-6892-46BE-A14C-44AF8DF39B7F}.Release|x86.Build.0 = Release|Win32
	EndGlobalSection
	GlobalSection(SolutionProperties) = preSolution
		HideSolutionNode = FALSE
	EndGlobalSection
	GlobalSection(ExtensibilityGlobals) = postSolution
		SolutionGuid = {3867A2FD-D1DA-4105-A9A6-9A8CB82723EB}
	EndGlobalSection
EndGlobal
